
Microsoft Visual Studio Solution File, Format Version 12.00
# Visual Studio Version 17
VisualStudioVersion = 17.5.2.0
MinimumVisualStudioVersion = 10.0.40219.1
Project("{FAE04EC0-301F-11D3-BF4B-00C04F79EFBC}") = "MarketProject.Core", "MarketProject.Core\MarketProject.Core.csproj", "{BA8E1B00-64D8-FF21-B8EC-B9C22F3C979E}"
EndProject
Project("{FAE04EC0-301F-11D3-BF4B-00C04F79EFBC}") = "MarketProject.Tester", "MarketProject.Tester\MarketProject.Tester.csproj", "{A96E1987-F85B-4F02-8B81-0CF2D8CFD44E}"
EndProject
Global
	GlobalSection(SolutionConfigurationPlatforms) = preSolution
		Debug|Any CPU = Debug|Any CPU
		Debug|x64 = Debug|x64
		Debug|x86 = Debug|x86
		Release|Any CPU = Release|Any CPU
		Release|x64 = Release|x64
		Release|x86 = Release|x86
	EndGlobalSection
	GlobalSection(ProjectConfigurationPlatforms) = postSolution
		{BA8E1B00-64D8-FF21-B8EC-B9C22F3C979E}.Debug|Any CPU.ActiveCfg = Debug|Any CPU
		{BA8E1B00-64D8-FF21-B8EC-B9C22F3C979E}.Debug|Any CPU.Build.0 = Debug|Any CPU
		{BA8E1B00-64D8-FF21-B8EC-B9C22F3C979E}.Debug|x64.ActiveCfg = Debug|Any CPU
		{BA8E1B00-64D8-FF21-B8EC-B9C22F3C979E}.Debug|x64.Build.0 = Debug|Any CPU
		{BA8E1B00-64D8-FF21-B8EC-B9C22F3C979E}.Debug|x86.ActiveCfg = Debug|Any CPU
		{BA8E1B00-64D8-FF21-B8EC-B9C22F3C979E}.Debug|x86.Build.0 = Debug|Any CPU
		{BA8E1B00-64D8-FF21-B8EC-B9C22F3C979E}.Release|Any CPU.ActiveCfg = Release|Any CPU
		{BA8E1B00-64D8-FF21-B8EC-B9C22F3C979E}.Release|Any CPU.Build.0 = Release|Any CPU
		{BA8E1B00-64D8-FF21-B8EC-B9C22F3C979E}.Release|x64.ActiveCfg = Release|Any CPU
		{BA8E1B00-64D8-FF21-B8EC-B9C22F3C979E}.Release|x64.Build.0 = Release|Any CPU
		{BA8E1B00-64D8-FF21-B8EC-B9C22F3C979E}.Release|x86.ActiveCfg = Release|Any CPU
		{BA8E1B00-64D8-FF21-B8EC-B9C22F3C979E}.Release|x86.Build.0 = Release|Any CPU
		{A96E1987-F85B-4F02-8B81-0CF2D8CFD44E}.Debug|Any CPU.ActiveCfg = Debug|Any CPU
		{A96E1987-F85B-4F02-8B81-0CF2D8CFD44E}.Debug|Any CPU.Build.0 = Debug|Any CPU
		{A96E1987-F85B-4F02-8B81-0CF2D8CFD44E}.Debug|x64.ActiveCfg = Debug|Any CPU
		{A96E1987-F85B-4F02-8B81-0CF2D8CFD44E}.Debug|x64.Build.0 = Debug|Any CPU
		{A96E1987-F85B-4F02-8B81-0CF2D8CFD44E}.Debug|x86.ActiveCfg = Debug|Any CPU
		{A96E1987-F85B-4F02-8B81-0CF2D8CFD44E}.Debug|x86.Build.0 = Debug|Any CPU
		{A96E1987-F85B-4F02-8B81-0CF2D8CFD44E}.Release|Any CPU.ActiveCfg = Release|Any CPU
		{A96E1987-F85B-4F02-8B81-0CF2D8CFD44E}.Release|Any CPU.Build.0 = Release|Any CPU
		{A96E1987-F85B-4F02-8B81-0CF2D8CFD44E}.Release|x64.ActiveCfg = Release|Any CPU
		{A96E1987-F85B-4F02-8B81-0CF2D8CFD44E}.Release|x64.Build.0 = Release|Any CPU
		{A96E1987-F85B-4F02-8B81-0CF2D8CFD44E}.Release|x86.ActiveCfg = Release|Any CPU
		{A96E1987-F85B-4F02-8B81-0CF2D8CFD44E}.Release|x86.Build.0 = Release|Any CPU
	EndGlobalSection
	GlobalSection(SolutionProperties) = preSolution
		HideSolutionNode = FALSE
	EndGlobalSection
	GlobalSection(ExtensibilityGlobals) = postSolution
		SolutionGuid = {3F715577-3A26-4ADC-954F-3E46C2FDC4DD}
	EndGlobalSection
EndGlobal
